github.com/golfz/goliath/v2 v2.0.13 h1:NtasKD/V5RAuYvGCcHwza9xeBFfj3QGdno6jkvVUsxk=
github.com/golfz/goliath/v2 v2.0.13/go.mod h1:it/NCXTYdp5lnd5Y5ukyJJ/nQek+WshJY8nbMgWKOus=
github.com/golfz/policy v1.0.2 h1:VHz7uE0yDyW8gBrXc3B14HU/VLpTsJhQ7Ksn4rfvk8g=
github.com/golfz/policy v1.0.2/go.mod h1:oJlYoPt6lajTx/I43al/f8PjKsA99djPtzmDFNdgbwU=
