github.com/golfz/goliath/v2 v2.0.13 h1:NtasKD/V5RAuYvGCcHwza9xeBFfj3QGdno6jkvVUsxk=
github.com/golfz/goliath/v2 v2.0.13/go.mod h1:it/NCXTYdp5lnd5Y5ukyJJ/nQek+WshJY8nbMgWKOus=
github.com/golfz/policy/v2 v2.0.0-alpha.1 h1:XAZMcNf2FvarfLltSwDg0/VZVvT2dtFYCJzzjHehqdA=
github.com/golfz/policy/v2 v2.0.0-alpha.1/go.mod h1:T3OwH370KFKFukuDBbqizC0SE+bHPwlkfMvQKmCX7V8=
